
Microsoft Visual Studio Solution File, Format Version 12.00
# Visual Studio 15
VisualStudioVersion = 15.0.28307.421
MinimumVisualStudioVersion = 10.0.40219.1
Project("{FAE04EC0-301F-11D3-BF4B-00C04F79EFBC}") = "Contacts.WEBAPI", "Contacts.WEBAPI\Contacts.WEBAPI.csproj", "{CCDAAFEA-ABDC-47D9-8E07-2117CCF05BEB}"
EndProject
Project("{FAE04EC0-301F-11D3-BF4B-00C04F79EFBC}") = "Contacts.DAL", "Contacts.DAL\Contacts.DAL.csproj", "{F20EC9A3-A105-4D47-863A-93C885ABA34D}"
EndProject
Project("{FAE04EC0-301F-11D3-BF4B-00C04F79EFBC}") = "Contacts.Entity", "Contacts.Entity\Contacts.Entity.csproj", "{5089F468-553D-443C-8C0A-5D37F4FB1E24}"
EndProject
Global
	GlobalSection(SolutionConfigurationPlatforms) = preSolution
		Debug|Any CPU = Debug|Any CPU
		Release|Any CPU = Release|Any CPU
	EndGlobalSection
	GlobalSection(ProjectConfigurationPlatforms) = postSolution
		{CCDAAFEA-ABDC-47D9-8E07-2117CCF05BEB}.Debug|Any CPU.ActiveCfg = Debug|Any CPU
		{CCDAAFEA-ABDC-47D9-8E07-2117CCF05BEB}.Debug|Any CPU.Build.0 = Debug|Any CPU
		{CCDAAFEA-ABDC-47D9-8E07-2117CCF05BEB}.Release|Any CPU.ActiveCfg = Release|Any CPU
		{CCDAAFEA-ABDC-47D9-8E07-2117CCF05BEB}.Release|Any CPU.Build.0 = Release|Any CPU
		{F20EC9A3-A105-4D47-863A-93C885ABA34D}.Debug|Any CPU.ActiveCfg = Debug|Any CPU
		{F20EC9A3-A105-4D47-863A-93C885ABA34D}.Debug|Any CPU.Build.0 = Debug|Any CPU
		{F20EC9A3-A105-4D47-863A-93C885ABA34D}.Release|Any CPU.ActiveCfg = Release|Any CPU
		{F20EC9A3-A105-4D47-863A-93C885ABA34D}.Release|Any CPU.Build.0 = Release|Any CPU
		{5089F468-553D-443C-8C0A-5D37F4FB1E24}.Debug|Any CPU.ActiveCfg = Debug|Any CPU
		{5089F468-553D-443C-8C0A-5D37F4FB1E24}.Debug|Any CPU.Build.0 = Debug|Any CPU
		{5089F468-553D-443C-8C0A-5D37F4FB1E24}.Release|Any CPU.ActiveCfg = Release|Any CPU
		{5089F468-553D-443C-8C0A-5D37F4FB1E24}.Release|Any CPU.Build.0 = Release|Any CPU
	EndGlobalSection
	GlobalSection(SolutionProperties) = preSolution
		HideSolutionNode = FALSE
	EndGlobalSection
	GlobalSection(ExtensibilityGlobals) = postSolution
		SolutionGuid = {0E0297F3-E07A-45DB-B07A-7BB6F3667E08}
	EndGlobalSection
EndGlobal
